
Microsoft Visual Studio Solution File, Format Version 12.00
# Visual Studio Version 16
VisualStudioVersion = 16.0.30717.126
MinimumVisualStudioVersion = 10.0.40219.1
Project("{9A19103F-16F7-4668-BE54-9A1E7A4F7556}") = "ArvatoInterviewTasks", "ArvatoInterviewTasks\ArvatoInterviewTasks.csproj", "{0049FC61-3485-4002-8810-99E127C379C2}"
EndProject
Project("{9A19103F-16F7-4668-BE54-9A1E7A4F7556}") = "Infrastructure", "Infrastructure\Infrastructure.csproj", "{E36EDFE2-0B37-4FDF-9CAE-89DBA426F4DC}"
EndProject
Project("{FAE04EC0-301F-11D3-BF4B-00C04F79EFBC}") = "Application", "Application\Application.csproj", "{086971C0-F87A-4B0E-A9BF-E73080723E5D}"
EndProject
Project("{FAE04EC0-301F-11D3-BF4B-00C04F79EFBC}") = "Domain", "Domain\Domain.csproj", "{3D0DF3CD-872D-4525-B21B-91F1F0557F42}"
EndProject
Global
	GlobalSection(SolutionConfigurationPlatforms) = preSolution
		Debug|Any CPU = Debug|Any CPU
		Release|Any CPU = Release|Any CPU
	EndGlobalSection
	GlobalSection(ProjectConfigurationPlatforms) = postSolution
		{0049FC61-3485-4002-8810-99E127C379C2}.Debug|Any CPU.ActiveCfg = Debug|Any CPU
		{0049FC61-3485-4002-8810-99E127C379C2}.Debug|Any CPU.Build.0 = Debug|Any CPU
		{0049FC61-3485-4002-8810-99E127C379C2}.Release|Any CPU.ActiveCfg = Release|Any CPU
		{0049FC61-3485-4002-8810-99E127C379C2}.Release|Any CPU.Build.0 = Release|Any CPU
		{E36EDFE2-0B37-4FDF-9CAE-89DBA426F4DC}.Debug|Any CPU.ActiveCfg = Debug|Any CPU
		{E36EDFE2-0B37-4FDF-9CAE-89DBA426F4DC}.Debug|Any CPU.Build.0 = Debug|Any CPU
		{E36EDFE2-0B37-4FDF-9CAE-89DBA426F4DC}.Release|Any CPU.ActiveCfg = Release|Any CPU
		{E36EDFE2-0B37-4FDF-9CAE-89DBA426F4DC}.Release|Any CPU.Build.0 = Release|Any CPU
		{086971C0-F87A-4B0E-A9BF-E73080723E5D}.Debug|Any CPU.ActiveCfg = Debug|Any CPU
		{086971C0-F87A-4B0E-A9BF-E73080723E5D}.Debug|Any CPU.Build.0 = Debug|Any CPU
		{086971C0-F87A-4B0E-A9BF-E73080723E5D}.Release|Any CPU.ActiveCfg = Release|Any CPU
		{086971C0-F87A-4B0E-A9BF-E73080723E5D}.Release|Any CPU.Build.0 = Release|Any CPU
		{3D0DF3CD-872D-4525-B21B-91F1F0557F42}.Debug|Any CPU.ActiveCfg = Debug|Any CPU
		{3D0DF3CD-872D-4525-B21B-91F1F0557F42}.Debug|Any CPU.Build.0 = Debug|Any CPU
		{3D0DF3CD-872D-4525-B21B-91F1F0557F42}.Release|Any CPU.ActiveCfg = Release|Any CPU
		{3D0DF3CD-872D-4525-B21B-91F1F0557F42}.Release|Any CPU.Build.0 = Release|Any CPU
	EndGlobalSection
	GlobalSection(SolutionProperties) = preSolution
		HideSolutionNode = FALSE
	EndGlobalSection
	GlobalSection(ExtensibilityGlobals) = postSolution
		SolutionGuid = {00ABA64B-79FF-4B03-B6CD-3CD0F4DF9B23}
	EndGlobalSection
EndGlobal
